// !$*UTF8*$!
{
	archiveVersion = 1;
	classes = {
	};
	objectVersion = 77;
	objects = {

/* Begin PBXContainerItemProxy section */
		596F26822DF0B7E8007E9CFD /* PBXContainerItemProxy */ = {
			isa = PBXContainerItemProxy;
			containerPortal = 596F266C2DF0B7E7007E9CFD /* Project object */;
			proxyType = 1;
			remoteGlobalIDString = 596F26732DF0B7E7007E9CFD;
			remoteInfo = Currency_ForexApp;
		};
		596F268C2DF0B7E8007E9CFD /* PBXContainerItemProxy */ = {
			isa = PBXContainerItemProxy;
			containerPortal = 596F266C2DF0B7E7007E9CFD /* Project object */;
			proxyType = 1;
			remoteGlobalIDString = 596F26732DF0B7E7007E9CFD;
			remoteInfo = Currency_ForexApp;
		};
/* End PBXContainerItemProxy section */

/* Begin PBXFileReference section */
		596F26742DF0B7E7007E9CFD /* Currency_ForexApp.app */ = {isa = PBXFileReference; explicitFileType = wrapper.application; includeInIndex = 0; path = Currency_ForexApp.app; sourceTree = BUILT_PRODUCTS_DIR; };
		596F26812DF0B7E8007E9CFD /* Currency_ForexAppTests.xctest */ = {isa = PBXFileReference; explicitFileType = wrapper.cfbundle; includeInIndex = 0; path = Currency_ForexAppTests.xctest; sourceTree = BUILT_PRODUCTS_DIR; };
		596F268B2DF0B7E8007E9CFD /* Currency_ForexAppUITests.xctest */ = {isa = PBXFileReference; explicitFileType = wrapper.cfbundle; includeInIndex = 0; path = Currency_ForexAppUITests.xctest; sourceTree = BUILT_PRODUCTS_DIR; };
/* End PBXFileReference section */

/* Begin PBXFileSystemSynchronizedRootGroup section */
		596F26762DF0B7E7007E9CFD /* Currency_ForexApp */ = {
			isa = PBXFileSystemSynchronizedRootGroup;
			path = Currency_ForexApp;
			sourceTree = "<group>";
		};
		596F26842DF0B7E8007E9CFD /* Currency_ForexAppTests */ = {
			isa = PBXFileSystemSynchronizedRootGroup;
			path = Currency_ForexAppTests;
			sourceTree = "<group>";
		};
		596F268E2DF0B7E8007E9CFD /* Currency_ForexAppUITests */ = {
			isa = PBXFileSystemSynchronizedRootGroup;
			path = Currency_ForexAppUITests;
			sourceTree = "<group>";
		};
/* End PBXFileSystemSynchronizedRootGroup section */

/* Begin PBXFrameworksBuildPhase section */
		596F26712DF0B7E7007E9CFD /* Frameworks */ = {
			isa = PBXFrameworksBuildPhase;
			buildActionMask = 2147483647;
			files = (
			);
			runOnlyForDeploymentPostprocessing = 0;
		};
		596F267E2DF0B7E8007E9CFD /* Frameworks */ = {
			isa = PBXFrameworksBuildPhase;
			buildActionMask = 2147483647;
			files = (
			);
			runOnlyForDeploymentPostprocessing = 0;
		};
		596F26882DF0B7E8007E9CFD /* Frameworks */ = {
			isa = PBXFrameworksBuildPhase;
			buildActionMask = 2147483647;
			files = (
			);
			runOnlyForDeploymentPostprocessing = 0;
		};
/* End PBXFrameworksBuildPhase section */

/* Begin PBXGroup section */
		596F266B2DF0B7E7007E9CFD = {
			isa = PBXGroup;
			children = (
				596F26762DF0B7E7007E9CFD /* Currency_ForexApp */,
				596F26842DF0B7E8007E9CFD /* Currency_ForexAppTests */,
				596F268E2DF0B7E8007E9CFD /* Currency_ForexAppUITests */,
				596F26752DF0B7E7007E9CFD /* Products */,
			);
			sourceTree = "<group>";
		};
		596F26752DF0B7E7007E9CFD /* Products */ = {
			isa = PBXGroup;
			children = (
				596F26742DF0B7E7007E9CFD /* Currency_ForexApp.app */,
				596F26812DF0B7E8007E9CFD /* Currency_ForexAppTests.xctest */,
				596F268B2DF0B7E8007E9CFD /* Currency_ForexAppUITests.xctest */,
			);
			name = Products;
			sourceTree = "<group>";
		};
/* End PBXGroup section */

/* Begin PBXNativeTarget section */
		596F26732DF0B7E7007E9CFD /* Currency_ForexApp */ = {
			isa = PBXNativeTarget;
			buildConfigurationList = 596F26952DF0B7E8007E9CFD /* Build configuration list for PBXNativeTarget "Currency_ForexApp" */;
			buildPhases = (
				596F26702DF0B7E7007E9CFD /* Sources */,
				596F26712DF0B7E7007E9CFD /* Frameworks */,
				596F26722DF0B7E7007E9CFD /* Resources */,
			);
			buildRules = (
			);
			dependencies = (
			);
			fileSystemSynchronizedGroups = (
				596F26762DF0B7E7007E9CFD /* Currency_ForexApp */,
			);
			name = Currency_ForexApp;
			packageProductDependencies = (
			);
			productName = Currency_ForexApp;
			productReference = 596F26742DF0B7E7007E9CFD /* Currency_ForexApp.app */;
			productType = "com.apple.product-type.application";
		};
		596F26802DF0B7E8007E9CFD /* Currency_ForexAppTests */ = {
			isa = PBXNativeTarget;
			buildConfigurationList = 596F26982DF0B7E8007E9CFD /* Build configuration list for PBXNativeTarget "Currency_ForexAppTests" */;
			buildPhases = (
				596F267D2DF0B7E8007E9CFD /* Sources */,
				596F267E2DF0B7E8007E9CFD /* Frameworks */,
				596F267F2DF0B7E8007E9CFD /* Resources */,
			);
			buildRules = (
			);
			dependencies = (
				596F26832DF0B7E8007E9CFD /* PBXTargetDependency */,
			);
			fileSystemSynchronizedGroups = (
				596F26842DF0B7E8007E9CFD /* Currency_ForexAppTests */,
			);
			name = Currency_ForexAppTests;
			packageProductDependencies = (
			);
			productName = Currency_ForexAppTests;
			productReference = 596F26812DF0B7E8007E9CFD /* Currency_ForexAppTests.xctest */;
			productType = "com.apple.product-type.bundle.unit-test";
		};
		596F268A2DF0B7E8007E9CFD /* Currency_ForexAppUITests */ = {
			isa = PBXNativeTarget;
			buildConfigurationList = 596F269B2DF0B7E8007E9CFD /* Build configuration list for PBXNativeTarget "Currency_ForexAppUITests" */;
			buildPhases = (
				596F26872DF0B7E8007E9CFD /* Sources */,
				596F26882DF0B7E8007E9CFD /* Frameworks */,
				596F26892DF0B7E8007E9CFD /* Resources */,
			);
			buildRules = (
			);
			dependencies = (
				596F268D2DF0B7E8007E9CFD /* PBXTargetDependency */,
			);
			fileSystemSynchronizedGroups = (
				596F268E2DF0B7E8007E9CFD /* Currency_ForexAppUITests */,
			);
			name = Currency_ForexAppUITests;
			packageProductDependencies = (
			);
			productName = Currency_ForexAppUITests;
			productReference = 596F268B2DF0B7E8007E9CFD /* Currency_ForexAppUITests.xctest */;
			productType = "com.apple.product-type.bundle.ui-testing";
		};
/* End PBXNativeTarget section */

/* Begin PBXProject section */
		596F266C2DF0B7E7007E9CFD /* Project object */ = {
			isa = PBXProject;
			attributes = {
				BuildIndependentTargetsInParallel = 1;
				LastSwiftUpdateCheck = 1640;
				LastUpgradeCheck = 1640;
				TargetAttributes = {
					596F26732DF0B7E7007E9CFD = {
						CreatedOnToolsVersion = 16.4;
					};
					596F26802DF0B7E8007E9CFD = {
						CreatedOnToolsVersion = 16.4;
						TestTargetID = 596F26732DF0B7E7007E9CFD;
					};
					596F268A2DF0B7E8007E9CFD = {
						CreatedOnToolsVersion = 16.4;
						TestTargetID = 596F26732DF0B7E7007E9CFD;
					};
				};
			};
			buildConfigurationList = 596F266F2DF0B7E7007E9CFD /* Build configuration list for PBXProject "Currency_ForexApp" */;
			developmentRegion = en;
			hasScannedForEncodings = 0;
			knownRegions = (
				en,
				Base,
			);
			mainGroup = 596F266B2DF0B7E7007E9CFD;
			minimizedProjectReferenceProxies = 1;
			preferredProjectObjectVersion = 77;
			productRefGroup = 596F26752DF0B7E7007E9CFD /* Products */;
			projectDirPath = "";
			projectRoot = "";
			targets = (
				596F26732DF0B7E7007E9CFD /* Currency_ForexApp */,
				596F26802DF0B7E8007E9CFD /* Currency_ForexAppTests */,
				596F268A2DF0B7E8007E9CFD /* Currency_ForexAppUITests */,
			);
		};
/* End PBXProject section */

/* Begin PBXResourcesBuildPhase section */
		596F26722DF0B7E7007E9CFD /* Resources */ = {
			isa = PBXResourcesBuildPhase;
			buildActionMask = 2147483647;
			files = (
			);
			runOnlyForDeploymentPostprocessing = 0;
		};
		596F267F2DF0B7E8007E9CFD /* Resources */ = {
			isa = PBXResourcesBuildPhase;
			buildActionMask = 2147483647;
			files = (
			);
			runOnlyForDeploymentPostprocessing = 0;
		};
		596F26892DF0B7E8007E9CFD /* Resources */ = {
			isa = PBXResourcesBuildPhase;
			buildActionMask = 2147483647;
			files = (
			);
			runOnlyForDeploymentPostprocessing = 0;
		};
/* End PBXResourcesBuildPhase section */

/* Begin PBXSourcesBuildPhase section */
		596F26702DF0B7E7007E9CFD /* Sources */ = {
			isa = PBXSourcesBuildPhase;
			buildActionMask = 2147483647;
			files = (
			);
			runOnlyForDeploymentPostprocessing = 0;
		};
		596F267D2DF0B7E8007E9CFD /* Sources */ = {
			isa = PBXSourcesBuildPhase;
			buildActionMask = 2147483647;
			files = (
			);
			runOnlyForDeploymentPostprocessing = 0;
		};
		596F26872DF0B7E8007E9CFD /* Sources */ = {
			isa = PBXSourcesBuildPhase;
			buildActionMask = 2147483647;
			files = (
			);
			runOnlyForDeploymentPostprocessing = 0;
		};
/* End PBXSourcesBuildPhase section */

/* Begin PBXTargetDependency section */
		596F26832DF0B7E8007E9CFD /* PBXTargetDependency */ = {
			isa = PBXTargetDependency;
			target = 596F26732DF0B7E7007E9CFD /* Currency_ForexApp */;
			targetProxy = 596F26822DF0B7E8007E9CFD /* PBXContainerItemProxy */;
		};
		596F268D2DF0B7E8007E9CFD /* PBXTargetDependency */ = {
			isa = PBXTargetDependency;
			target = 596F26732DF0B7E7007E9CFD /* Currency_ForexApp */;
			targetProxy = 596F268C2DF0B7E8007E9CFD /* PBXContainerItemProxy */;
		};
/* End PBXTargetDependency section */

/* Begin XCBuildConfiguration section */
		596F26932DF0B7E8007E9CFD /* Debug */ = {
			isa = XCBuildConfiguration;
			buildSettings = {
				ALWAYS_SEARCH_USER_PATHS = NO;
				ASSETCATALOG_COMPILER_GENERATE_SWIFT_ASSET_SYMBOL_EXTENSIONS = YES;
				CLANG_ANALYZER_NONNULL = YES;
				CLANG_ANALYZER_NUMBER_OBJECT_CONVERSION = YES_AGGRESSIVE;
				CLANG_CXX_LANGUAGE_STANDARD = "gnu++20";
				CLANG_ENABLE_MODULES = YES;
				CLANG_ENABLE_OBJC_ARC = YES;
				CLANG_ENABLE_OBJC_WEAK = YES;
				CLANG_WARN_BLOCK_CAPTURE_AUTORELEASING = YES;
				CLANG_WARN_BOOL_CONVERSION = YES;
				CLANG_WARN_COMMA = YES;
				CLANG_WARN_CONSTANT_CONVERSION = YES;
				CLANG_WARN_DEPRECATED_OBJC_IMPLEMENTATIONS = YES;
				CLANG_WARN_DIRECT_OBJC_ISA_USAGE = YES_ERROR;
				CLANG_WARN_DOCUMENTATION_COMMENTS = YES;
				CLANG_WARN_EMPTY_BODY = YES;
				CLANG_WARN_ENUM_CONVERSION = YES;
				CLANG_WARN_INFINITE_RECURSION = YES;
				CLANG_WARN_INT_CONVERSION = YES;
				CLANG_WARN_NON_LITERAL_NULL_CONVERSION = YES;
				CLANG_WARN_OBJC_IMPLICIT_RETAIN_SELF = YES;
				CLANG_WARN_OBJC_LITERAL_CONVERSION = YES;
				CLANG_WARN_OBJC_ROOT_CLASS = YES_ERROR;
				CLANG_WARN_QUOTED_INCLUDE_IN_FRAMEWORK_HEADER = YES;
				CLANG_WARN_RANGE_LOOP_ANALYSIS = YES;
				CLANG_WARN_STRICT_PROTOTYPES = YES;
				CLANG_WARN_SUSPICIOUS_MOVE = YES;
				CLANG_WARN_UNGUARDED_AVAILABILITY = YES_AGGRESSIVE;
				CLANG_WARN_UNREACHABLE_CODE = YES;
				CLANG_WARN__DUPLICATE_METHOD_MATCH = YES;
				COPY_PHASE_STRIP = NO;
				DEBUG_INFORMATION_FORMAT = dwarf;
				ENABLE_STRICT_OBJC_MSGSEND = YES;
				ENABLE_TESTABILITY = YES;
				ENABLE_USER_SCRIPT_SANDBOXING = YES;
				GCC_C_LANGUAGE_STANDARD = gnu17;
				GCC_DYNAMIC_NO_PIC = NO;
				GCC_NO_COMMON_BLOCKS = YES;
				GCC_OPTIMIZATION_LEVEL = 0;
				GCC_PREPROCESSOR_DEFINITIONS = (
					"DEBUG=1",
					"$(inherited)",
				);
				GCC_WARN_64_TO_32_BIT_CONVERSION = YES;
				GCC_WARN_ABOUT_RETURN_TYPE = YES_ERROR;
				GCC_WARN_UNDECLARED_SELECTOR = YES;
				GCC_WARN_UNINITIALIZED_AUTOS = YES_AGGRESSIVE;
				GCC_WARN_UNUSED_FUNCTION = YES;
				GCC_WARN_UNUSED_VARIABLE = YES;
				IPHONEOS_DEPLOYMENT_TARGET = 18.5;
				LOCALIZATION_PREFERS_STRING_CATALOGS = YES;
				MTL_ENABLE_DEBUG_INFO = INCLUDE_SOURCE;
				MTL_FAST_MATH = YES;
				ONLY_ACTIVE_ARCH = YES;
				SDKROOT = iphoneos;
				SWIFT_ACTIVE_COMPILATION_CONDITIONS = "DEBUG $(inherited)";
				SWIFT_OPTIMIZATION_LEVEL = "-Onone";
			};
			name = Debug;
		};
		596F26942DF0B7E8007E9CFD /* Release */ = {
			isa = XCBuildConfiguration;
			buildSettings = {
				ALWAYS_SEARCH_USER_PATHS = NO;
				ASSETCATALOG_COMPILER_GENERATE_SWIFT_ASSET_SYMBOL_EXTENSIONS = YES;
				CLANG_ANALYZER_NONNULL = YES;
				CLANG_ANALYZER_NUMBER_OBJECT_CONVERSION = YES_AGGRESSIVE;
				CLANG_CXX_LANGUAGE_STANDARD = "gnu++20";
				CLANG_ENABLE_MODULES = YES;
				CLANG_ENABLE_OBJC_ARC = YES;
				CLANG_ENABLE_OBJC_WEAK = YES;
				CLANG_WARN_BLOCK_CAPTURE_AUTORELEASING = YES;
				CLANG_WARN_BOOL_CONVERSION = YES;
				CLANG_WARN_COMMA = YES;
				CLANG_WARN_CONSTANT_CONVERSION = YES;
				CLANG_WARN_DEPRECATED_OBJC_IMPLEMENTATIONS = YES;
				CLANG_WARN_DIRECT_OBJC_ISA_USAGE = YES_ERROR;
				CLANG_WARN_DOCUMENTATION_COMMENTS = YES;
				CLANG_WARN_EMPTY_BODY = YES;
				CLANG_WARN_ENUM_CONVERSION = YES;
				CLANG_WARN_INFINITE_RECURSION = YES;
				CLANG_WARN_INT_CONVERSION = YES;
				CLANG_WARN_NON_LITERAL_NULL_CONVERSION = YES;
				CLANG_WARN_OBJC_IMPLICIT_RETAIN_SELF = YES;
				CLANG_WARN_OBJC_LITERAL_CONVERSION = YES;
				CLANG_WARN_OBJC_ROOT_CLASS = YES_ERROR;
				CLANG_WARN_QUOTED_INCLUDE_IN_FRAMEWORK_HEADER = YES;
				CLANG_WARN_RANGE_LOOP_ANALYSIS = YES;
				CLANG_WARN_STRICT_PROTOTYPES = YES;
				CLANG_WARN_SUSPICIOUS_MOVE = YES;
				CLANG_WARN_UNGUARDED_AVAILABILITY = YES_AGGRESSIVE;
				CLANG_WARN_UNREACHABLE_CODE = YES;
				CLANG_WARN__DUPLICATE_METHOD_MATCH = YES;
				COPY_PHASE_STRIP = NO;
				DEBUG_INFORMATION_FORMAT = "dwarf-with-dsym";
				ENABLE_NS_ASSERTIONS = NO;
				ENABLE_STRICT_OBJC_MSGSEND = YES;
				ENABLE_USER_SCRIPT_SANDBOXING = YES;
				GCC_C_LANGUAGE_STANDARD = gnu17;
				GCC_NO_COMMON_BLOCKS = YES;
				GCC_WARN_64_TO_32_BIT_CONVERSION = YES;
				GCC_WARN_ABOUT_RETURN_TYPE = YES_ERROR;
				GCC_WARN_UNDECLARED_SELECTOR = YES;
				GCC_WARN_UNINITIALIZED_AUTOS = YES_AGGRESSIVE;
				GCC_WARN_UNUSED_FUNCTION = YES;
				GCC_WARN_UNUSED_VARIABLE = YES;
				IPHONEOS_DEPLOYMENT_TARGET = 18.5;
				LOCALIZATION_PREFERS_STRING_CATALOGS = YES;
				MTL_ENABLE_DEBUG_INFO = NO;
				MTL_FAST_MATH = YES;
				SDKROOT = iphoneos;
				SWIFT_COMPILATION_MODE = wholemodule;
				VALIDATE_PRODUCT = YES;
			};
			name = Release;
		};
		596F26962DF0B7E8007E9CFD /* Debug */ = {
			isa = XCBuildConfiguration;
			buildSettings = {
				ASSETCATALOG_COMPILER_APPICON_NAME = AppIcon;
				ASSETCATALOG_COMPILER_GLOBAL_ACCENT_COLOR_NAME = AccentColor;
				CODE_SIGN_STYLE = Automatic;
				CURRENT_PROJECT_VERSION = 1;
				ENABLE_PREVIEWS = YES;
				GENERATE_INFOPLIST_FILE = YES;
				INFOPLIST_KEY_UIApplicationSceneManifest_Generation = YES;
				INFOPLIST_KEY_UIApplicationSupportsIndirectInputEvents = YES;
				INFOPLIST_KEY_UILaunchScreen_Generation = YES;
				INFOPLIST_KEY_UISupportedInterfaceOrientations_iPad = "UIInterfaceOrientationPortrait UIInterfaceOrientationPortraitUpsideDown UIInterfaceOrientationLandscapeLeft UIInterfaceOrientationLandscapeRight";
				INFOPLIST_KEY_UISupportedInterfaceOrientations_iPhone = "UIInterfaceOrientationPortrait UIInterfaceOrientationLandscapeLeft UIInterfaceOrientationLandscapeRight";
				IPHONEOS_DEPLOYMENT_TARGET = 18.0;
				LD_RUNPATH_SEARCH_PATHS = (
					"$(inherited)",
					"@executable_path/Frameworks",
				);
				MARKETING_VERSION = 1.0;
				PRODUCT_BUNDLE_IDENTIFIER = "com.royan.myiosapps.Currency-ForexApp";
				PRODUCT_NAME = "$(TARGET_NAME)";
				SWIFT_EMIT_LOC_STRINGS = YES;
				SWIFT_VERSION = 5.0;
				TARGETED_DEVICE_FAMILY = "1,2";
			};
			name = Debug;
		};
		596F26972DF0B7E8007E9CFD /* Release */ = {
			isa = XCBuildConfiguration;
			buildSettings = {
				ASSETCATALOG_COMPILER_APPICON_NAME = AppIcon;
				ASSETCATALOG_COMPILER_GLOBAL_ACCENT_COLOR_NAME = AccentColor;
				CODE_SIGN_STYLE = Automatic;
				CURRENT_PROJECT_VERSION = 1;
				ENABLE_PREVIEWS = YES;
				GENERATE_INFOPLIST_FILE = YES;
				INFOPLIST_KEY_UIApplicationSceneManifest_Generation = YES;
				INFOPLIST_KEY_UIApplicationSupportsIndirectInputEvents = YES;
				INFOPLIST_KEY_UILaunchScreen_Generation = YES;
				INFOPLIST_KEY_UISupportedInterfaceOrientations_iPad = "UIInterfaceOrientationPortrait UIInterfaceOrientationPortraitUpsideDown UIInterfaceOrientationLandscapeLeft UIInterfaceOrientationLandscapeRight";
				INFOPLIST_KEY_UISupportedInterfaceOrientations_iPhone = "UIInterfaceOrientationPortrait UIInterfaceOrientationLandscapeLeft UIInterfaceOrientationLandscapeRight";
				IPHONEOS_DEPLOYMENT_TARGET = 18.0;
				LD_RUNPATH_SEARCH_PATHS = (
					"$(inherited)",
					"@executable_path/Frameworks",
				);
				MARKETING_VERSION = 1.0;
				PRODUCT_BUNDLE_IDENTIFIER = "com.royan.myiosapps.Currency-ForexApp";
				PRODUCT_NAME = "$(TARGET_NAME)";
				SWIFT_EMIT_LOC_STRINGS = YES;
				SWIFT_VERSION = 5.0;
				TARGETED_DEVICE_FAMILY = "1,2";
			};
			name = Release;
		};
		596F26992DF0B7E8007E9CFD /* Debug */ = {
			isa = XCBuildConfiguration;
			buildSettings = {
				BUNDLE_LOADER = "$(TEST_HOST)";
				CODE_SIGN_STYLE = Automatic;
				CURRENT_PROJECT_VERSION = 1;
				GENERATE_INFOPLIST_FILE = YES;
				IPHONEOS_DEPLOYMENT_TARGET = 18.5;
				MARKETING_VERSION = 1.0;
				PRODUCT_BUNDLE_IDENTIFIER = "com.royan.myiosapps.Currency-ForexAppTests";
				PRODUCT_NAME = "$(TARGET_NAME)";
				SWIFT_EMIT_LOC_STRINGS = NO;
				SWIFT_VERSION = 5.0;
				TARGETED_DEVICE_FAMILY = "1,2";
				TEST_HOST = "$(BUILT_PRODUCTS_DIR)/Currency_ForexApp.app/$(BUNDLE_EXECUTABLE_FOLDER_PATH)/Currency_ForexApp";
			};
			name = Debug;
		};
		596F269A2DF0B7E8007E9CFD /* Release */ = {
			isa = XCBuildConfiguration;
			buildSettings = {
				BUNDLE_LOADER = "$(TEST_HOST)";
				CODE_SIGN_STYLE = Automatic;
				CURRENT_PROJECT_VERSION = 1;
				GENERATE_INFOPLIST_FILE = YES;
				IPHONEOS_DEPLOYMENT_TARGET = 18.5;
				MARKETING_VERSION = 1.0;
				PRODUCT_BUNDLE_IDENTIFIER = "com.royan.myiosapps.Currency-ForexAppTests";
				PRODUCT_NAME = "$(TARGET_NAME)";
				SWIFT_EMIT_LOC_STRINGS = NO;
				SWIFT_VERSION = 5.0;
				TARGETED_DEVICE_FAMILY = "1,2";
				TEST_HOST = "$(BUILT_PRODUCTS_DIR)/Currency_ForexApp.app/$(BUNDLE_EXECUTABLE_FOLDER_PATH)/Currency_ForexApp";
			};
			name = Release;
		};
		596F269C2DF0B7E8007E9CFD /* Debug */ = {
			isa = XCBuildConfiguration;
			buildSettings = {
				CODE_SIGN_STYLE = Automatic;
				CURRENT_PROJECT_VERSION = 1;
				GENERATE_INFOPLIST_FILE = YES;
				MARKETING_VERSION = 1.0;
				PRODUCT_BUNDLE_IDENTIFIER = "com.royan.myiosapps.Currency-ForexAppUITests";
				PRODUCT_NAME = "$(TARGET_NAME)";
				SWIFT_EMIT_LOC_STRINGS = NO;
				SWIFT_VERSION = 5.0;
				TARGETED_DEVICE_FAMILY = "1,2";
				TEST_TARGET_NAME = Currency_ForexApp;
			};
			name = Debug;
		};
		596F269D2DF0B7E8007E9CFD /* Release */ = {
			isa = XCBuildConfiguration;
			buildSettings = {
				CODE_SIGN_STYLE = Automatic;
				CURRENT_PROJECT_VERSION = 1;
				GENERATE_INFOPLIST_FILE = YES;
				MARKETING_VERSION = 1.0;
				PRODUCT_BUNDLE_IDENTIFIER = "com.royan.myiosapps.Currency-ForexAppUITests";
				PRODUCT_NAME = "$(TARGET_NAME)";
				SWIFT_EMIT_LOC_STRINGS = NO;
				SWIFT_VERSION = 5.0;
				TARGETED_DEVICE_FAMILY = "1,2";
				TEST_TARGET_NAME = Currency_ForexApp;
			};
			name = Release;
		};
/* End XCBuildConfiguration section */

/* Begin XCConfigurationList section */
		596F266F2DF0B7E7007E9CFD /* Build configuration list for PBXProject "Currency_ForexApp" */ = {
			isa = XCConfigurationList;
			buildConfigurations = (
				596F26932DF0B7E8007E9CFD /* Debug */,
				596F26942DF0B7E8007E9CFD /* Release */,
			);
			defaultConfigurationIsVisible = 0;
			defaultConfigurationName = Release;
		};
		596F26952DF0B7E8007E9CFD /* Build configuration list for PBXNativeTarget "Currency_ForexApp" */ = {
			isa = XCConfigurationList;
			buildConfigurations = (
				596F26962DF0B7E8007E9CFD /* Debug */,
				596F26972DF0B7E8007E9CFD /* Release */,
			);
			defaultConfigurationIsVisible = 0;
			defaultConfigurationName = Release;
		};
		596F26982DF0B7E8007E9CFD /* Build configuration list for PBXNativeTarget "Currency_ForexAppTests" */ = {
			isa = XCConfigurationList;
			buildConfigurations = (
				596F26992DF0B7E8007E9CFD /* Debug */,
				596F269A2DF0B7E8007E9CFD /* Release */,
			);
			defaultConfigurationIsVisible = 0;
			defaultConfigurationName = Release;
		};
		596F269B2DF0B7E8007E9CFD /* Build configuration list for PBXNativeTarget "Currency_ForexAppUITests" */ = {
			isa = XCConfigurationList;
			buildConfigurations = (
				596F269C2DF0B7E8007E9CFD /* Debug */,
				596F269D2DF0B7E8007E9CFD /* Release */,
			);
			defaultConfigurationIsVisible = 0;
			defaultConfigurationName = Release;
		};
/* End XCConfigurationList section */
	};
	rootObject = 596F266C2DF0B7E7007E9CFD /* Project object */;
}
